github.com/ebitengine/purego v0.9.0 h1:mh0zpKBIXDceC63hpvPuGLiJ8ZAa3DfrFTudmfi8A4k=
github.com/ebitengine/purego v0.9.0/go.mod h1:iIjxzd6CiRiOG0UyXP+V1+jWqUXVjPKLAI0mRfJZTmQ=
github.com/google/uuid v1.3.0 h1:t6JiXgmwXMjEs8VusXIJk2BXHsn+wx8BZdTaoZ5fu7I=
github.com/google/uuid v1.3.0/go.mod h1:TIyPZe4MgqvfeYDBFedMoGGpEw/LqOeaOT+nhxU+yHo=
github.com/hashicorp/golang-lru v1.0.2 h1:dV3g9Z/unq5DpblPpw+Oqcv4dU/1omnb4Ok8iPY6p1c=
github.com/hashicorp/golang-lru v1.0.2/go.mod h1:iADmTwqILo4mZ8BN3D2Q6+9jd8WM5uGBxy+E8yxSoD4=
github.com/statsig-io/go-sdk v1.40.1 h1:6DQ6N4AHs7/Q2CCJj1qN7Z7VgKwdhC8NlXOTOGgNTsw=
github.com/statsig-io/go-sdk v1.40.1/go.mod h1:bPRKzkj3sp/1xmg3KNX54GC9wVr04oowSpxaEqV+eB0=
github.com/statsig-io/go-server-core-binaries-linux-gnu v0.10.3-rc.2510210014 h1:VHJD2b7in/5x3mn2/LqXiPO+0xww0+989Jsw6MuwhVI=
github.com/statsig-io/go-server-core-binaries-linux-gnu v0.10.3-rc.2510210014/go.mod h1:m4N50tANNr1HPESMSyf5xJ3aW1UQBSi2+HW70H8V4g4=
github.com/statsig-io/go-server-core-binaries-linux-musl v0.10.3-rc.2510210014 h1:P0TwAoLs8xY4X2TLQFIPdtmfr8sezmogApJk5S5iffU=
github.com/statsig-io/go-server-core-binaries-linux-musl v0.10.3-rc.2510210014/go.mod h1:5TalRG/lt7BYH8XL7MRCJ5WEYfmpPFmshj/lUI/UBKc=
github.com/statsig-io/go-server-core-binaries-macos v0.10.3-rc.2510210014 h1:leBTxQ+ZMHdHIwkk1F8OgqdkSjtC7XEsi7Qdh3Z/qOo=
github.com/statsig-io/go-server-core-binaries-macos v0.10.3-rc.2510210014/go.mod h1:V/ycNDCNy0dLXU2089Lsv2oybH2M+DtBnoJq6p4n5p0=
github.com/statsig-io/ip3country-go v0.3.0 h1:cW7uvcxw5DprDF/qzoK2VhZ2IraaLSTeDBVlMURaKvA=
github.com/statsig-io/ip3country-go v0.3.0/go.mod h1:1GiVAjwHE8/figN74OCdXW3zDvSDk+8NPxnT1LwPh04=
github.com/statsig-io/statsig-go-core v0.10.3-rc.2510210014 h1:BkyWTcFO686dV961Fp2sCnb9VqtzLavDFF6FYYYLY4o=
github.com/statsig-io/statsig-go-core v0.10.3-rc.2510210014/go.mod h1:m4005/dweo28r87qGWxyhdtQqyKvsyEONMBvLktSA3k=
github.com/ua-parser/uap-go v0.0.0-20250917011043-9c86a9b0f8f0 h1:DHueI9yFvHWHJDas1bZKOILjS+COtvFyYShEd77ak+U=
github.com/ua-parser/uap-go v0.0.0-20250917011043-9c86a9b0f8f0/go.mod h1:gwANdYmo9R8LLwGnyDFWK2PMsaXXX2HhAvCnb/UhZsM=
gopkg.in/check.v1 v0.0.0-20161208181325-20d25e280405 h1:yhCVgyC4o1eVCa2tZl7eS0r+SDo693bJlVdllGtEeKM=
gopkg.in/check.v1 v0.0.0-20161208181325-20d25e280405/go.mod h1:Co6ibVJAznAaIkqp8huTwlJQCZ016jof/cbN4VW5Yz0=
gopkg.in/yaml.v3 v3.0.1 h1:fxVm/GzAzEWqLHuvctI91KS9hhNmmWOoWu0XTYJS7CA=
gopkg.in/yaml.v3 v3.0.1/go.mod h1:K4uyk7z7BCEPqu6E+C64Yfv1cQ7kz7rIZviUmN+EgEM=
