{
  "name": "@statsig/node-ffi",
  "version": "1.0.0",
  "lockfileVersion": 3,
  "requires": true,
  "packages": {
    "": {
      "name": "@statsig/node-ffi",
      "version": "1.0.0",
      "license": "ISC",
      "dependencies": {
        "ffi-rs": "^1.0.89"
      }
    },
    "node_modules/@yuuang/ffi-rs-darwin-arm64": {
      "version": "1.0.89",
      "resolved": "https://registry.npmjs.org/@yuuang/ffi-rs-darwin-arm64/-/ffi-rs-darwin-arm64-1.0.89.tgz",
      "integrity": "sha512-mk4RD20Er0X9TAi/gAPN8K6qexhQa5tbhgAfAnwlCmQOoQqeK8fD+mtnVLOsI3zccDOPwDmRJDsglBgbBeUVCw==",
      "cpu": [
        "arm64"
      ],
      "license": "MIT",
      "optional": true,
      "os": [
        "darwin"
      ],
      "engines": {
        "node": ">= 12"
      }
    },
    "node_modules/@yuuang/ffi-rs-darwin-x64": {
      "version": "1.0.89",
      "resolved": "https://registry.npmjs.org/@yuuang/ffi-rs-darwin-x64/-/ffi-rs-darwin-x64-1.0.89.tgz",
      "integrity": "sha512-n0AuOJxhiQJrzrhOjbZ3SEfZZEbYkCpQ1A3EQRhqEclFr349dMjBPOLfBbrXORV7tRku4QMwMcmPapXtncsfQQ==",
      "cpu": [
        "x64"
      ],
      "license": "MIT",
      "optional": true,
      "os": [
        "darwin"
      ],
      "engines": {
        "node": ">= 12"
      }
    },
    "node_modules/@yuuang/ffi-rs-linux-arm64-gnu": {
      "version": "1.0.89",
      "resolved": "https://registry.npmjs.org/@yuuang/ffi-rs-linux-arm64-gnu/-/ffi-rs-linux-arm64-gnu-1.0.89.tgz",
      "integrity": "sha512-IKcjuEf09Kxa6nI9Cczk2ixrAR5yZVS+wjVGyP4NO+Uf2hwgcqA1UsRP0rxBKN+cvb4Z2Yz3ow06OiIj+CfbLA==",
      "cpu": [
        "arm64"
      ],
      "license": "MIT",
      "optional": true,
      "os": [
        "linux"
      ],
      "engines": {
        "node": ">= 12"
      }
    },
    "node_modules/@yuuang/ffi-rs-linux-arm64-musl": {
      "version": "1.0.89",
      "resolved": "https://registry.npmjs.org/@yuuang/ffi-rs-linux-arm64-musl/-/ffi-rs-linux-arm64-musl-1.0.89.tgz",
      "integrity": "sha512-tWfwPWJ6EBmTY8NStHe3RVrHm0FsDMLTQ5475xIu3jPlwTFCSaCHFgAEXZysbgUuJfJ4FF3hrDxJ9L0NpTFPbA==",
      "cpu": [
        "arm64"
      ],
      "license": "MIT",
      "optional": true,
      "os": [
        "linux"
      ],
      "engines": {
        "node": ">= 12"
      }
    },
    "node_modules/@yuuang/ffi-rs-linux-x64-gnu": {
      "version": "1.0.89",
      "resolved": "https://registry.npmjs.org/@yuuang/ffi-rs-linux-x64-gnu/-/ffi-rs-linux-x64-gnu-1.0.89.tgz",
      "integrity": "sha512-5n6B0ErMWp+ZBWLH8T1/vJHKvDgw4F9CtbgJnWhpu+LsksMqZk1DdHK48FnBnnaIeSs+wGr61VmFqntXOJDJqg==",
      "cpu": [
        "x64"
      ],
      "license": "MIT",
      "optional": true,
      "os": [
        "linux"
      ],
      "engines": {
        "node": ">= 12"
      }
    },
    "node_modules/@yuuang/ffi-rs-linux-x64-musl": {
      "version": "1.0.89",
      "resolved": "https://registry.npmjs.org/@yuuang/ffi-rs-linux-x64-musl/-/ffi-rs-linux-x64-musl-1.0.89.tgz",
      "integrity": "sha512-hFsfYDTl2AOGrI+GSwANEIDrlrfYDEoPFdvigvP3mFoG8xu9zlZW7WK5ROO+x2NTzru0Vi3ZrtmP4S7rKoU6ug==",
      "cpu": [
        "x64"
      ],
      "license": "MIT",
      "optional": true,
      "os": [
        "linux"
      ],
      "engines": {
        "node": ">= 12"
      }
    },
    "node_modules/@yuuang/ffi-rs-win32-arm64-msvc": {
      "version": "1.0.89",
      "resolved": "https://registry.npmjs.org/@yuuang/ffi-rs-win32-arm64-msvc/-/ffi-rs-win32-arm64-msvc-1.0.89.tgz",
      "integrity": "sha512-dIMa7QIoZNWokyfwjvOwDKK7ivpVGb8/7Ajo+W8d8XBt7TwbhUTNhfqgcVt3GGlU1N41LFvvcgF7/KOkaSvRCA==",
      "cpu": [
        "arm64"
      ],
      "license": "MIT",
      "optional": true,
      "os": [
        "win32"
      ],
      "engines": {
        "node": ">= 12"
      }
    },
    "node_modules/@yuuang/ffi-rs-win32-ia32-msvc": {
      "version": "1.0.89",
      "resolved": "https://registry.npmjs.org/@yuuang/ffi-rs-win32-ia32-msvc/-/ffi-rs-win32-ia32-msvc-1.0.89.tgz",
      "integrity": "sha512-u/drKW1e2FM/JBV58z4tT4o9l9LKHZ+F67KPl0dT6425AooF+DXZWb8gqtZDR5GlZbLBLQ1hJfSia8UAMcpwVg==",
      "cpu": [
        "x64",
        "ia32"
      ],
      "license": "MIT",
      "optional": true,
      "os": [
        "win32"
      ],
      "engines": {
        "node": ">= 12"
      }
    },
    "node_modules/@yuuang/ffi-rs-win32-x64-msvc": {
      "version": "1.0.89",
      "resolved": "https://registry.npmjs.org/@yuuang/ffi-rs-win32-x64-msvc/-/ffi-rs-win32-x64-msvc-1.0.89.tgz",
      "integrity": "sha512-lVsNaGEoD3fJR7vbiaZlzszOQajLzy8A2m6r3b14yW0QCCCVtKjXX+MXNgACoYceLiZBYHO9gFM4bQuNU/05KA==",
      "cpu": [
        "x64"
      ],
      "license": "MIT",
      "optional": true,
      "os": [
        "win32"
      ],
      "engines": {
        "node": ">= 12"
      }
    },
    "node_modules/ffi-rs": {
      "version": "1.0.89",
      "resolved": "https://registry.npmjs.org/ffi-rs/-/ffi-rs-1.0.89.tgz",
      "integrity": "sha512-8LPpjVnzNnF8LILw/Hrsz7J2Qxd4XyYaKbIVSx+rhIfv06KArdthjqg35N5topQSOzNu1byMqrh1BPouHLb+Tg==",
      "license": "MIT",
      "optionalDependencies": {
        "@yuuang/ffi-rs-darwin-arm64": "1.0.89",
        "@yuuang/ffi-rs-darwin-x64": "1.0.89",
        "@yuuang/ffi-rs-linux-arm64-gnu": "1.0.89",
        "@yuuang/ffi-rs-linux-arm64-musl": "1.0.89",
        "@yuuang/ffi-rs-linux-x64-gnu": "1.0.89",
        "@yuuang/ffi-rs-linux-x64-musl": "1.0.89",
        "@yuuang/ffi-rs-win32-arm64-msvc": "1.0.89",
        "@yuuang/ffi-rs-win32-ia32-msvc": "1.0.89",
        "@yuuang/ffi-rs-win32-x64-msvc": "1.0.89"
      }
    }
  }
}
