
Microsoft Visual Studio Solution File, Format Version 12.00
# Visual Studio Version 17
VisualStudioVersion = 17.0.31903.59
MinimumVisualStudioVersion = 10.0.40219.1
Project("{2150E333-8FDC-42A3-9474-1A3956D46DE8}") = "src", "src", "{827E0CD3-B72D-47B6-A68D-7590B98EB39B}"
EndProject
Project("{2150E333-8FDC-42A3-9474-1A3956D46DE8}") = "Native", "Native", "{986E768A-9E42-6229-8E82-349DB5D13BDD}"
EndProject
Project("{FAE04EC0-301F-11D3-BF4B-00C04F79EFBC}") = "Statsig.NativeAssets.osx-arm64", "src\Native\Statsig.NativeAssets.osx-arm64.csproj", "{C167660F-EA09-4CF2-8AF0-CD4AE908C46F}"
EndProject
Project("{FAE04EC0-301F-11D3-BF4B-00C04F79EFBC}") = "Statsig.NativeAssets.linux-x64", "src\Native\Statsig.NativeAssets.linux-x64.csproj", "{A5C2AC6B-BE7C-4766-B082-18291844BC5D}"
EndProject
Project("{FAE04EC0-301F-11D3-BF4B-00C04F79EFBC}") = "Statsig", "src\Statsig\Statsig.csproj", "{C15FBA40-B925-4F37-9802-ACE65AD1509F}"
EndProject
Project("{2150E333-8FDC-42A3-9474-1A3956D46DE8}") = "test", "test", "{0C88DD14-F956-CE84-757C-A364CCF449FC}"
EndProject
Project("{FAE04EC0-301F-11D3-BF4B-00C04F79EFBC}") = "Statsig.Tests", "test\Statsig.Tests.csproj", "{21F74BE9-2291-4101-A6CA-8EB91D1D2775}"
EndProject
Global
	GlobalSection(SolutionConfigurationPlatforms) = preSolution
		Debug|Any CPU = Debug|Any CPU
		Debug|x64 = Debug|x64
		Debug|x86 = Debug|x86
		Release|Any CPU = Release|Any CPU
		Release|x64 = Release|x64
		Release|x86 = Release|x86
	EndGlobalSection
	GlobalSection(ProjectConfigurationPlatforms) = postSolution
		{C167660F-EA09-4CF2-8AF0-CD4AE908C46F}.Debug|Any CPU.ActiveCfg = Debug|Any CPU
		{C167660F-EA09-4CF2-8AF0-CD4AE908C46F}.Debug|Any CPU.Build.0 = Debug|Any CPU
		{C167660F-EA09-4CF2-8AF0-CD4AE908C46F}.Debug|x64.ActiveCfg = Debug|Any CPU
		{C167660F-EA09-4CF2-8AF0-CD4AE908C46F}.Debug|x64.Build.0 = Debug|Any CPU
		{C167660F-EA09-4CF2-8AF0-CD4AE908C46F}.Debug|x86.ActiveCfg = Debug|Any CPU
		{C167660F-EA09-4CF2-8AF0-CD4AE908C46F}.Debug|x86.Build.0 = Debug|Any CPU
		{C167660F-EA09-4CF2-8AF0-CD4AE908C46F}.Release|Any CPU.ActiveCfg = Release|Any CPU
		{C167660F-EA09-4CF2-8AF0-CD4AE908C46F}.Release|Any CPU.Build.0 = Release|Any CPU
		{C167660F-EA09-4CF2-8AF0-CD4AE908C46F}.Release|x64.ActiveCfg = Release|Any CPU
		{C167660F-EA09-4CF2-8AF0-CD4AE908C46F}.Release|x64.Build.0 = Release|Any CPU
		{C167660F-EA09-4CF2-8AF0-CD4AE908C46F}.Release|x86.ActiveCfg = Release|Any CPU
		{C167660F-EA09-4CF2-8AF0-CD4AE908C46F}.Release|x86.Build.0 = Release|Any CPU
		{A5C2AC6B-BE7C-4766-B082-18291844BC5D}.Debug|Any CPU.ActiveCfg = Debug|Any CPU
		{A5C2AC6B-BE7C-4766-B082-18291844BC5D}.Debug|Any CPU.Build.0 = Debug|Any CPU
		{A5C2AC6B-BE7C-4766-B082-18291844BC5D}.Debug|x64.ActiveCfg = Debug|Any CPU
		{A5C2AC6B-BE7C-4766-B082-18291844BC5D}.Debug|x64.Build.0 = Debug|Any CPU
		{A5C2AC6B-BE7C-4766-B082-18291844BC5D}.Debug|x86.ActiveCfg = Debug|Any CPU
		{A5C2AC6B-BE7C-4766-B082-18291844BC5D}.Debug|x86.Build.0 = Debug|Any CPU
		{A5C2AC6B-BE7C-4766-B082-18291844BC5D}.Release|Any CPU.ActiveCfg = Release|Any CPU
		{A5C2AC6B-BE7C-4766-B082-18291844BC5D}.Release|Any CPU.Build.0 = Release|Any CPU
		{A5C2AC6B-BE7C-4766-B082-18291844BC5D}.Release|x64.ActiveCfg = Release|Any CPU
		{A5C2AC6B-BE7C-4766-B082-18291844BC5D}.Release|x64.Build.0 = Release|Any CPU
		{A5C2AC6B-BE7C-4766-B082-18291844BC5D}.Release|x86.ActiveCfg = Release|Any CPU
		{A5C2AC6B-BE7C-4766-B082-18291844BC5D}.Release|x86.Build.0 = Release|Any CPU
		{C15FBA40-B925-4F37-9802-ACE65AD1509F}.Debug|Any CPU.ActiveCfg = Debug|Any CPU
		{C15FBA40-B925-4F37-9802-ACE65AD1509F}.Debug|Any CPU.Build.0 = Debug|Any CPU
		{C15FBA40-B925-4F37-9802-ACE65AD1509F}.Debug|x64.ActiveCfg = Debug|Any CPU
		{C15FBA40-B925-4F37-9802-ACE65AD1509F}.Debug|x64.Build.0 = Debug|Any CPU
		{C15FBA40-B925-4F37-9802-ACE65AD1509F}.Debug|x86.ActiveCfg = Debug|Any CPU
		{C15FBA40-B925-4F37-9802-ACE65AD1509F}.Debug|x86.Build.0 = Debug|Any CPU
		{C15FBA40-B925-4F37-9802-ACE65AD1509F}.Release|Any CPU.ActiveCfg = Release|Any CPU
		{C15FBA40-B925-4F37-9802-ACE65AD1509F}.Release|Any CPU.Build.0 = Release|Any CPU
		{C15FBA40-B925-4F37-9802-ACE65AD1509F}.Release|x64.ActiveCfg = Release|Any CPU
		{C15FBA40-B925-4F37-9802-ACE65AD1509F}.Release|x64.Build.0 = Release|Any CPU
		{C15FBA40-B925-4F37-9802-ACE65AD1509F}.Release|x86.ActiveCfg = Release|Any CPU
		{C15FBA40-B925-4F37-9802-ACE65AD1509F}.Release|x86.Build.0 = Release|Any CPU
		{21F74BE9-2291-4101-A6CA-8EB91D1D2775}.Debug|Any CPU.ActiveCfg = Debug|Any CPU
		{21F74BE9-2291-4101-A6CA-8EB91D1D2775}.Debug|Any CPU.Build.0 = Debug|Any CPU
		{21F74BE9-2291-4101-A6CA-8EB91D1D2775}.Debug|x64.ActiveCfg = Debug|Any CPU
		{21F74BE9-2291-4101-A6CA-8EB91D1D2775}.Debug|x64.Build.0 = Debug|Any CPU
		{21F74BE9-2291-4101-A6CA-8EB91D1D2775}.Debug|x86.ActiveCfg = Debug|Any CPU
		{21F74BE9-2291-4101-A6CA-8EB91D1D2775}.Debug|x86.Build.0 = Debug|Any CPU
		{21F74BE9-2291-4101-A6CA-8EB91D1D2775}.Release|Any CPU.ActiveCfg = Release|Any CPU
		{21F74BE9-2291-4101-A6CA-8EB91D1D2775}.Release|Any CPU.Build.0 = Release|Any CPU
		{21F74BE9-2291-4101-A6CA-8EB91D1D2775}.Release|x64.ActiveCfg = Release|Any CPU
		{21F74BE9-2291-4101-A6CA-8EB91D1D2775}.Release|x64.Build.0 = Release|Any CPU
		{21F74BE9-2291-4101-A6CA-8EB91D1D2775}.Release|x86.ActiveCfg = Release|Any CPU
		{21F74BE9-2291-4101-A6CA-8EB91D1D2775}.Release|x86.Build.0 = Release|Any CPU
	EndGlobalSection
	GlobalSection(SolutionProperties) = preSolution
		HideSolutionNode = FALSE
	EndGlobalSection
	GlobalSection(NestedProjects) = preSolution
		{986E768A-9E42-6229-8E82-349DB5D13BDD} = {827E0CD3-B72D-47B6-A68D-7590B98EB39B}
		{C167660F-EA09-4CF2-8AF0-CD4AE908C46F} = {986E768A-9E42-6229-8E82-349DB5D13BDD}
		{A5C2AC6B-BE7C-4766-B082-18291844BC5D} = {986E768A-9E42-6229-8E82-349DB5D13BDD}
		{C15FBA40-B925-4F37-9802-ACE65AD1509F} = {827E0CD3-B72D-47B6-A68D-7590B98EB39B}
		{21F74BE9-2291-4101-A6CA-8EB91D1D2775} = {0C88DD14-F956-CE84-757C-A364CCF449FC}
	EndGlobalSection
EndGlobal
