
Microsoft Visual Studio Solution File, Format Version 12.00
# Visual Studio Version 17
VisualStudioVersion = 17.0.31903.59
MinimumVisualStudioVersion = 10.0.40219.1
Project("{2150E333-8FDC-42A3-9474-1A3956D46DE8}") = "src", "src", "{827E0CD3-B72D-47B6-A68D-7590B98EB39B}"
EndProject
Project("{FAE04EC0-301F-11D3-BF4B-00C04F79EFBC}") = "Statsig", "src\Statsig\Statsig.csproj", "{A5B9A5A8-E293-4B72-9248-E9434A73DABD}"
EndProject
Project("{FAE04EC0-301F-11D3-BF4B-00C04F79EFBC}") = "Statsig.NativeAssets.linux-x64", "src\Statsig.NativeAssets.linux-x64\Statsig.NativeAssets.linux-x64.csproj", "{513589D0-1AB2-4648-A3D5-6F0CBDFB1A53}"
EndProject
Project("{FAE04EC0-301F-11D3-BF4B-00C04F79EFBC}") = "Statsig.NativeAssets.osx-x64", "src\Statsig.NativeAssets.osx-x64\Statsig.NativeAssets.osx-x64.csproj", "{074F92BD-616B-4C70-99C6-49DD4471096A}"
EndProject
Global
	GlobalSection(SolutionConfigurationPlatforms) = preSolution
		Debug|Any CPU = Debug|Any CPU
		Debug|x64 = Debug|x64
		Debug|x86 = Debug|x86
		Release|Any CPU = Release|Any CPU
		Release|x64 = Release|x64
		Release|x86 = Release|x86
	EndGlobalSection
	GlobalSection(ProjectConfigurationPlatforms) = postSolution
		{A5B9A5A8-E293-4B72-9248-E9434A73DABD}.Debug|Any CPU.ActiveCfg = Debug|Any CPU
		{A5B9A5A8-E293-4B72-9248-E9434A73DABD}.Debug|Any CPU.Build.0 = Debug|Any CPU
		{A5B9A5A8-E293-4B72-9248-E9434A73DABD}.Debug|x64.ActiveCfg = Debug|Any CPU
		{A5B9A5A8-E293-4B72-9248-E9434A73DABD}.Debug|x64.Build.0 = Debug|Any CPU
		{A5B9A5A8-E293-4B72-9248-E9434A73DABD}.Debug|x86.ActiveCfg = Debug|Any CPU
		{A5B9A5A8-E293-4B72-9248-E9434A73DABD}.Debug|x86.Build.0 = Debug|Any CPU
		{A5B9A5A8-E293-4B72-9248-E9434A73DABD}.Release|Any CPU.ActiveCfg = Release|Any CPU
		{A5B9A5A8-E293-4B72-9248-E9434A73DABD}.Release|Any CPU.Build.0 = Release|Any CPU
		{A5B9A5A8-E293-4B72-9248-E9434A73DABD}.Release|x64.ActiveCfg = Release|Any CPU
		{A5B9A5A8-E293-4B72-9248-E9434A73DABD}.Release|x64.Build.0 = Release|Any CPU
		{A5B9A5A8-E293-4B72-9248-E9434A73DABD}.Release|x86.ActiveCfg = Release|Any CPU
		{A5B9A5A8-E293-4B72-9248-E9434A73DABD}.Release|x86.Build.0 = Release|Any CPU
		{513589D0-1AB2-4648-A3D5-6F0CBDFB1A53}.Debug|Any CPU.ActiveCfg = Debug|Any CPU
		{513589D0-1AB2-4648-A3D5-6F0CBDFB1A53}.Debug|Any CPU.Build.0 = Debug|Any CPU
		{513589D0-1AB2-4648-A3D5-6F0CBDFB1A53}.Debug|x64.ActiveCfg = Debug|Any CPU
		{513589D0-1AB2-4648-A3D5-6F0CBDFB1A53}.Debug|x64.Build.0 = Debug|Any CPU
		{513589D0-1AB2-4648-A3D5-6F0CBDFB1A53}.Debug|x86.ActiveCfg = Debug|Any CPU
		{513589D0-1AB2-4648-A3D5-6F0CBDFB1A53}.Debug|x86.Build.0 = Debug|Any CPU
		{513589D0-1AB2-4648-A3D5-6F0CBDFB1A53}.Release|Any CPU.ActiveCfg = Release|Any CPU
		{513589D0-1AB2-4648-A3D5-6F0CBDFB1A53}.Release|Any CPU.Build.0 = Release|Any CPU
		{513589D0-1AB2-4648-A3D5-6F0CBDFB1A53}.Release|x64.ActiveCfg = Release|Any CPU
		{513589D0-1AB2-4648-A3D5-6F0CBDFB1A53}.Release|x64.Build.0 = Release|Any CPU
		{513589D0-1AB2-4648-A3D5-6F0CBDFB1A53}.Release|x86.ActiveCfg = Release|Any CPU
		{513589D0-1AB2-4648-A3D5-6F0CBDFB1A53}.Release|x86.Build.0 = Release|Any CPU
		{074F92BD-616B-4C70-99C6-49DD4471096A}.Debug|Any CPU.ActiveCfg = Debug|Any CPU
		{074F92BD-616B-4C70-99C6-49DD4471096A}.Debug|Any CPU.Build.0 = Debug|Any CPU
		{074F92BD-616B-4C70-99C6-49DD4471096A}.Debug|x64.ActiveCfg = Debug|Any CPU
		{074F92BD-616B-4C70-99C6-49DD4471096A}.Debug|x64.Build.0 = Debug|Any CPU
		{074F92BD-616B-4C70-99C6-49DD4471096A}.Debug|x86.ActiveCfg = Debug|Any CPU
		{074F92BD-616B-4C70-99C6-49DD4471096A}.Debug|x86.Build.0 = Debug|Any CPU
		{074F92BD-616B-4C70-99C6-49DD4471096A}.Release|Any CPU.ActiveCfg = Release|Any CPU
		{074F92BD-616B-4C70-99C6-49DD4471096A}.Release|Any CPU.Build.0 = Release|Any CPU
		{074F92BD-616B-4C70-99C6-49DD4471096A}.Release|x64.ActiveCfg = Release|Any CPU
		{074F92BD-616B-4C70-99C6-49DD4471096A}.Release|x64.Build.0 = Release|Any CPU
		{074F92BD-616B-4C70-99C6-49DD4471096A}.Release|x86.ActiveCfg = Release|Any CPU
		{074F92BD-616B-4C70-99C6-49DD4471096A}.Release|x86.Build.0 = Release|Any CPU
	EndGlobalSection
	GlobalSection(SolutionProperties) = preSolution
		HideSolutionNode = FALSE
	EndGlobalSection
	GlobalSection(NestedProjects) = preSolution
		{A5B9A5A8-E293-4B72-9248-E9434A73DABD} = {827E0CD3-B72D-47B6-A68D-7590B98EB39B}
		{513589D0-1AB2-4648-A3D5-6F0CBDFB1A53} = {827E0CD3-B72D-47B6-A68D-7590B98EB39B}
		{074F92BD-616B-4C70-99C6-49DD4471096A} = {827E0CD3-B72D-47B6-A68D-7590B98EB39B}
	EndGlobalSection
EndGlobal
