{
  "name": "node",
  "lockfileVersion": 3,
  "requires": true,
  "packages": {
    "": {
      "dependencies": {
        "statsig-napi": "file:../../build/node"
      }
    },
    "../../build/node": {
      "name": "@sigstat/sigstat-napi",
      "version": "0.0.1-beta.13",
      "license": "MIT",
      "devDependencies": {
        "@napi-rs/cli": "^3.0.0-alpha.62",
        "ava": "^6.0.1",
        "prettier": "^3.3.3",
        "typescript": "^5.5.4"
      },
      "engines": {
        "node": ">= 10"
      }
    },
    "node_modules/statsig-napi": {
      "resolved": "../../build/node",
      "link": true
    }
  }
}
