github.com/ebitengine/purego v0.9.0 h1:mh0zpKBIXDceC63hpvPuGLiJ8ZAa3DfrFTudmfi8A4k=
github.com/ebitengine/purego v0.9.0/go.mod h1:iIjxzd6CiRiOG0UyXP+V1+jWqUXVjPKLAI0mRfJZTmQ=
github.com/statsig-io/go-server-core-binaries-linux-gnu v0.10.0-rc.2510090432 h1:IQ7+CsILO7PXhpPpNOo4nBEJB1w1DjHQk5O4TmlAhbo=
github.com/statsig-io/go-server-core-binaries-linux-gnu v0.10.0-rc.2510090432/go.mod h1:m4N50tANNr1HPESMSyf5xJ3aW1UQBSi2+HW70H8V4g4=
github.com/statsig-io/go-server-core-binaries-linux-musl v0.10.0-rc.2510090432 h1:V4gMzAAGc6vXgJDPGsOALigt9g4Ch0T5TzJtqs5gzEw=
github.com/statsig-io/go-server-core-binaries-linux-musl v0.10.0-rc.2510090432/go.mod h1:5TalRG/lt7BYH8XL7MRCJ5WEYfmpPFmshj/lUI/UBKc=
github.com/statsig-io/go-server-core-binaries-macos v0.10.0-rc.2510090432 h1:SSzAuS5ae3989DRkT/+w40dDhD1r1+orhbgo1a/13Hw=
github.com/statsig-io/go-server-core-binaries-macos v0.10.0-rc.2510090432/go.mod h1:V/ycNDCNy0dLXU2089Lsv2oybH2M+DtBnoJq6p4n5p0=
